
Microsoft Visual Studio Solution File, Format Version 12.00
Project("{FAE04EC0-301F-11D3-BF4B-00C04F79EFBC}") = "comp2139", "comp2139.csproj", "{C44D1D1D-57F2-4F17-9344-7ED2223192BC}"
EndProject
Global
	GlobalSection(SolutionConfigurationPlatforms) = preSolution
		Debug|Any CPU = Debug|Any CPU
		Release|Any CPU = Release|Any CPU
	EndGlobalSection
	GlobalSection(ProjectConfigurationPlatforms) = postSolution
		{C44D1D1D-57F2-4F17-9344-7ED2223192BC}.Debug|Any CPU.ActiveCfg = Debug|Any CPU
		{C44D1D1D-57F2-4F17-9344-7ED2223192BC}.Debug|Any CPU.Build.0 = Debug|Any CPU
		{C44D1D1D-57F2-4F17-9344-7ED2223192BC}.Release|Any CPU.ActiveCfg = Release|Any CPU
		{C44D1D1D-57F2-4F17-9344-7ED2223192BC}.Release|Any CPU.Build.0 = Release|Any CPU
	EndGlobalSection
EndGlobal
